
Microsoft Visual Studio Solution File, Format Version 12.00
# Visual Studio Version 17
VisualStudioVersion = 17.9.34310.174
MinimumVisualStudioVersion = 10.0.40219.1
Project("{FAE04EC0-301F-11D3-BF4B-00C04F79EFBC}") = "UnlimitedCampfires", "UnlimitedCampfires.csproj", "{999058A4-A55A-4DEB-9FD9-FFEE90365008}"
EndProject
Global
	GlobalSection(SolutionConfigurationPlatforms) = preSolution
		Debug|Any CPU = Debug|Any CPU
		Release|Any CPU = Release|Any CPU
	EndGlobalSection
	GlobalSection(ProjectConfigurationPlatforms) = postSolution
		{999058A4-A55A-4DEB-9FD9-FFEE90365008}.Debug|Any CPU.ActiveCfg = Debug|Any CPU
		{999058A4-A55A-4DEB-9FD9-FFEE90365008}.Debug|Any CPU.Build.0 = Debug|Any CPU
		{999058A4-A55A-4DEB-9FD9-FFEE90365008}.Release|Any CPU.ActiveCfg = Release|Any CPU
		{999058A4-A55A-4DEB-9FD9-FFEE90365008}.Release|Any CPU.Build.0 = Release|Any CPU
	EndGlobalSection
	GlobalSection(SolutionProperties) = preSolution
		HideSolutionNode = FALSE
	EndGlobalSection
	GlobalSection(ExtensibilityGlobals) = postSolution
		SolutionGuid = {FBCF140A-30D1-46E7-9179-2899BDD17927}
	EndGlobalSection
EndGlobal
